github.com/BurntSushi/xgb v0.0.0-20210121224620-deaf085860bc h1:7D+Bh06CRPCJO3gr2F7h1sriovOZ8BMhca2Rg85c2nk=
github.com/BurntSushi/xgb v0.0.0-20210121224620-deaf085860bc/go.mod h1:IVnqGOEym/WlBOVXweHU+Q+/VP0lqqI8lqeDx9IjBqo=
github.com/CarrotzRule123/lorca v0.1.12 h1:BKhrfKfWhJpOp+2J4KkLTREfLgLfCUPKxns4j0zRyEY=
github.com/CarrotzRule123/lorca v0.1.12/go.mod h1:TUOtEogaMwy0b+p9e4NxZC1jbPRUaNaEw5DnjQF//F8=
github.com/hugolgst/rich-go v0.0.0-20210925091458-d59fb695d9c0 h1:IkZfZBWufGFLvci1vXLiUu8PWVtG6wlz920CMtHobMo=
github.com/hugolgst/rich-go v0.0.0-20210925091458-d59fb695d9c0/go.mod h1:nGaW7CGfNZnhtiFxMpc4OZdqIexGXjUlBnlmpZmjEKA=
github.com/vova616/screenshot v0.0.0-20220801010501-56c10359473c h1:mqgl+NQgzZ30EX7oA3uNIlPn6dAgG6sThBiUodUzZpU=
github.com/vova616/screenshot v0.0.0-20220801010501-56c10359473c/go.mod h1:gjlNhAXON0uGGilpsAZpMx5bN1ZVavUlJETHif7w4HQ=
golang.org/x/crypto v0.0.0-20190308221718-c2843e01d9a2/go.mod h1:djNgcEr1/C05ACkg1iLfiJU5Ep61QUkGW8qpdssI0+w=
golang.org/x/net v0.0.0-20200222125558-5a598a2470a0 h1:MsuvTghUPjX762sGLnGsxC3HM0B5r83wEtYcYR8/vRs=
golang.org/x/net v0.0.0-20200222125558-5a598a2470a0/go.mod h1:z5CRVTTTmAJ677TzLLGU+0bjPO0LkuOLi4/5GtJWs/s=
golang.org/x/sys v0.0.0-20190215142949-d0b11bdaac8a/go.mod h1:STP8DvDyc/dI5b8T5hshtkjS+E42TnysNCUPdjciGhY=
golang.org/x/text v0.3.0/go.mod h1:NqM8EUOU14njkJ3fqMW+pc6Ldnwhi/IjpwHt7yyuwOQ=
gopkg.in/natefinch/npipe.v2 v2.0.0-20160621034901-c1b8fa8bdcce h1:+JknDZhAj8YMt7GC73Ei8pv4MzjDUNPHgQWJdtMAaDU=
gopkg.in/natefinch/npipe.v2 v2.0.0-20160621034901-c1b8fa8bdcce/go.mod h1:5AcXVHNjg+BDxry382+8OKon8SEWiKktQR07RKPsv1c=
